// !$*UTF8*$!
{
	archiveVersion = 1;
	classes = {
	};
	objectVersion = 46;
	objects = {

/* Begin PBXBuildFile section */
		AA3111071A5E6A10003384DC /* FRMainWallDashlet.m in Sources */ = {isa = PBXBuildFile; fileRef = AA3111061A5E6A10003384DC /* FRMainWallDashlet.m */; };
		AA3111091A5E704C003384DC /* img2.png in Resources */ = {isa = PBXBuildFile; fileRef = AA3111081A5E704C003384DC /* img2.png */; };
		AA31110C1A64E62E003384DC /* profile1.png in Resources */ = {isa = PBXBuildFile; fileRef = AA31110B1A64E62E003384DC /* profile1.png */; };
		AA3111171A64F768003384DC /* JPGlobal.m in Sources */ = {isa = PBXBuildFile; fileRef = AA3111101A64F768003384DC /* JPGlobal.m */; };
		AA3111181A64F768003384DC /* NSObject+JPConvenience.m in Sources */ = {isa = PBXBuildFile; fileRef = AA3111121A64F768003384DC /* NSObject+JPConvenience.m */; };
		AA3111191A64F768003384DC /* JPStyle.m in Sources */ = {isa = PBXBuildFile; fileRef = AA3111141A64F768003384DC /* JPStyle.m */; };
		AA31111A1A64F768003384DC /* JPFont.m in Sources */ = {isa = PBXBuildFile; fileRef = AA3111161A64F768003384DC /* JPFont.m */; };
		AA31111E1A64FBA8003384DC /* UIColor+RGBValues.m in Sources */ = {isa = PBXBuildFile; fileRef = AA31111D1A64FBA8003384DC /* UIColor+RGBValues.m */; };
		AA3111201A677CF5003384DC /* img1.png in Resources */ = {isa = PBXBuildFile; fileRef = AA31111F1A677CF5003384DC /* img1.png */; };
		AA3111261A678295003384DC /* blackThumb.png in Resources */ = {isa = PBXBuildFile; fileRef = AA3111231A678295003384DC /* blackThumb.png */; };
		AA3111271A678295003384DC /* blueThumb.png in Resources */ = {isa = PBXBuildFile; fileRef = AA3111241A678295003384DC /* blueThumb.png */; };
		AA3111281A678295003384DC /* navyThumb.png in Resources */ = {isa = PBXBuildFile; fileRef = AA3111251A678295003384DC /* navyThumb.png */; };
		AA31112A1A6782D4003384DC /* profile0.png in Resources */ = {isa = PBXBuildFile; fileRef = AA3111291A6782D4003384DC /* profile0.png */; };
		AA31112C1A6788D3003384DC /* plusButton.png in Resources */ = {isa = PBXBuildFile; fileRef = AA31112B1A6788D3003384DC /* plusButton.png */; };
		AA31112E1A678AB2003384DC /* logo.png in Resources */ = {isa = PBXBuildFile; fileRef = AA31112D1A678AB2003384DC /* logo.png */; };
		AA3111311A678C8D003384DC /* whiteLogo.png in Resources */ = {isa = PBXBuildFile; fileRef = AA3111301A678C8D003384DC /* whiteLogo.png */; };
		AA5176AA1A68F23B00C0859D /* PPIconButton.m in Sources */ = {isa = PBXBuildFile; fileRef = AA5176A91A68F23B00C0859D /* PPIconButton.m */; };
		AA5176AD1A68F35900C0859D /* dummyViewController.m in Sources */ = {isa = PBXBuildFile; fileRef = AA5176AC1A68F35900C0859D /* dummyViewController.m */; };
		AA5176B61A68F72D00C0859D /* crossIcon.png in Resources */ = {isa = PBXBuildFile; fileRef = AA5176AE1A68F72D00C0859D /* crossIcon.png */; };
		AA5176B71A68F72D00C0859D /* friendsIcon.png in Resources */ = {isa = PBXBuildFile; fileRef = AA5176AF1A68F72D00C0859D /* friendsIcon.png */; };
		AA5176B81A68F72D00C0859D /* groupsIcon.png in Resources */ = {isa = PBXBuildFile; fileRef = AA5176B01A68F72D00C0859D /* groupsIcon.png */; };
		AA5176B91A68F72D00C0859D /* legalIcon.png in Resources */ = {isa = PBXBuildFile; fileRef = AA5176B11A68F72D00C0859D /* legalIcon.png */; };
		AA5176BA1A68F72D00C0859D /* profile2.png in Resources */ = {isa = PBXBuildFile; fileRef = AA5176B21A68F72D00C0859D /* profile2.png */; };
		AA5176BB1A68F72D00C0859D /* settingsIcon.png in Resources */ = {isa = PBXBuildFile; fileRef = AA5176B31A68F72D00C0859D /* settingsIcon.png */; };
		AA5176BC1A68F72D00C0859D /* shareIcon.png in Resources */ = {isa = PBXBuildFile; fileRef = AA5176B41A68F72D00C0859D /* shareIcon.png */; };
		AA5176BD1A68F72D00C0859D /* signOutIcon.png in Resources */ = {isa = PBXBuildFile; fileRef = AA5176B51A68F72D00C0859D /* signOutIcon.png */; };
		AA5176C11A69137F00C0859D /* FRNotifViewController.m in Sources */ = {isa = PBXBuildFile; fileRef = AA5176C01A69137F00C0859D /* FRNotifViewController.m */; };
		AA5176C41A6914FC00C0859D /* FRNotifRequestCell.m in Sources */ = {isa = PBXBuildFile; fileRef = AA5176C31A6914FC00C0859D /* FRNotifRequestCell.m */; };
		AA5176C71A69150C00C0859D /* FRNotifCell.m in Sources */ = {isa = PBXBuildFile; fileRef = AA5176C61A69150C00C0859D /* FRNotifCell.m */; };
		AA5176C91A691CAE00C0859D /* profile3.png in Resources */ = {isa = PBXBuildFile; fileRef = AA5176C81A691CAE00C0859D /* profile3.png */; };
		AA5176CB1A69277800C0859D /* FRNotifCell.xib in Resources */ = {isa = PBXBuildFile; fileRef = AA5176CA1A69277800C0859D /* FRNotifCell.xib */; };
		AAA887241A46C40100FEE428 /* main.m in Sources */ = {isa = PBXBuildFile; fileRef = AAA887231A46C40100FEE428 /* main.m */; };
		AAA887271A46C40100FEE428 /* AppDelegate.m in Sources */ = {isa = PBXBuildFile; fileRef = AAA887261A46C40100FEE428 /* AppDelegate.m */; };
		AAA8872A1A46C40100FEE428 /* Fraze.xcdatamodeld in Sources */ = {isa = PBXBuildFile; fileRef = AAA887281A46C40100FEE428 /* Fraze.xcdatamodeld */; };
		AAA8872D1A46C40100FEE428 /* FRMainWallViewController.m in Sources */ = {isa = PBXBuildFile; fileRef = AAA8872C1A46C40100FEE428 /* FRMainWallViewController.m */; };
		AAA887301A46C40100FEE428 /* Main.storyboard in Resources */ = {isa = PBXBuildFile; fileRef = AAA8872E1A46C40100FEE428 /* Main.storyboard */; };
		AAA887321A46C40100FEE428 /* Images.xcassets in Resources */ = {isa = PBXBuildFile; fileRef = AAA887311A46C40100FEE428 /* Images.xcassets */; };
		AAA887351A46C40100FEE428 /* LaunchScreen.xib in Resources */ = {isa = PBXBuildFile; fileRef = AAA887331A46C40100FEE428 /* LaunchScreen.xib */; };
		AAA887411A46C40100FEE428 /* FrazeTests.m in Sources */ = {isa = PBXBuildFile; fileRef = AAA887401A46C40100FEE428 /* FrazeTests.m */; };
/* End PBXBuildFile section */

/* Begin PBXContainerItemProxy section */
		AAA8873B1A46C40100FEE428 /* PBXContainerItemProxy */ = {
			isa = PBXContainerItemProxy;
			containerPortal = AAA887161A46C40100FEE428 /* Project object */;
			proxyType = 1;
			remoteGlobalIDString = AAA8871D1A46C40100FEE428;
			remoteInfo = Fraze;
		};
/* End PBXContainerItemProxy section */

/* Begin PBXFileReference section */
		AA3111051A5E6A10003384DC /* FRMainWallDashlet.h */ = {isa = PBXFileReference; fileEncoding = 4; lastKnownFileType = sourcecode.c.h; path = FRMainWallDashlet.h; sourceTree = "<group>"; };
		AA3111061A5E6A10003384DC /* FRMainWallDashlet.m */ = {isa = PBXFileReference; fileEncoding = 4; lastKnownFileType = sourcecode.c.objc; path = FRMainWallDashlet.m; sourceTree = "<group>"; };
		AA3111081A5E704C003384DC /* img2.png */ = {isa = PBXFileReference; lastKnownFileType = image.png; path = img2.png; sourceTree = "<group>"; };
		AA31110B1A64E62E003384DC /* profile1.png */ = {isa = PBXFileReference; lastKnownFileType = image.png; path = profile1.png; sourceTree = "<group>"; };
		AA31110D1A64F74A003384DC /* ApplicationConstants.h */ = {isa = PBXFileReference; lastKnownFileType = sourcecode.c.h; path = ApplicationConstants.h; sourceTree = "<group>"; };
		AA31110E1A64F768003384DC /* UserInterfaceConstants.h */ = {isa = PBXFileReference; fileEncoding = 4; lastKnownFileType = sourcecode.c.h; path = UserInterfaceConstants.h; sourceTree = "<group>"; };
		AA31110F1A64F768003384DC /* JPGlobal.h */ = {isa = PBXFileReference; fileEncoding = 4; lastKnownFileType = sourcecode.c.h; path = JPGlobal.h; sourceTree = "<group>"; };
		AA3111101A64F768003384DC /* JPGlobal.m */ = {isa = PBXFileReference; fileEncoding = 4; lastKnownFileType = sourcecode.c.objc; path = JPGlobal.m; sourceTree = "<group>"; };
		AA3111111A64F768003384DC /* NSObject+JPConvenience.h */ = {isa = PBXFileReference; fileEncoding = 4; lastKnownFileType = sourcecode.c.h; path = "NSObject+JPConvenience.h"; sourceTree = "<group>"; };
		AA3111121A64F768003384DC /* NSObject+JPConvenience.m */ = {isa = PBXFileReference; fileEncoding = 4; lastKnownFileType = sourcecode.c.objc; path = "NSObject+JPConvenience.m"; sourceTree = "<group>"; };
		AA3111131A64F768003384DC /* JPStyle.h */ = {isa = PBXFileReference; fileEncoding = 4; lastKnownFileType = sourcecode.c.h; path = JPStyle.h; sourceTree = "<group>"; };
		AA3111141A64F768003384DC /* JPStyle.m */ = {isa = PBXFileReference; fileEncoding = 4; lastKnownFileType = sourcecode.c.objc; path = JPStyle.m; sourceTree = "<group>"; };
		AA3111151A64F768003384DC /* JPFont.h */ = {isa = PBXFileReference; fileEncoding = 4; lastKnownFileType = sourcecode.c.h; path = JPFont.h; sourceTree = "<group>"; };
		AA3111161A64F768003384DC /* JPFont.m */ = {isa = PBXFileReference; fileEncoding = 4; lastKnownFileType = sourcecode.c.objc; path = JPFont.m; sourceTree = "<group>"; };
		AA31111C1A64FBA8003384DC /* UIColor+RGBValues.h */ = {isa = PBXFileReference; fileEncoding = 4; lastKnownFileType = sourcecode.c.h; path = "UIColor+RGBValues.h"; sourceTree = "<group>"; };
		AA31111D1A64FBA8003384DC /* UIColor+RGBValues.m */ = {isa = PBXFileReference; fileEncoding = 4; lastKnownFileType = sourcecode.c.objc; path = "UIColor+RGBValues.m"; sourceTree = "<group>"; };
		AA31111F1A677CF5003384DC /* img1.png */ = {isa = PBXFileReference; lastKnownFileType = image.png; path = img1.png; sourceTree = "<group>"; };
		AA3111231A678295003384DC /* blackThumb.png */ = {isa = PBXFileReference; lastKnownFileType = image.png; path = blackThumb.png; sourceTree = "<group>"; };
		AA3111241A678295003384DC /* blueThumb.png */ = {isa = PBXFileReference; lastKnownFileType = image.png; path = blueThumb.png; sourceTree = "<group>"; };
		AA3111251A678295003384DC /* navyThumb.png */ = {isa = PBXFileReference; lastKnownFileType = image.png; path = navyThumb.png; sourceTree = "<group>"; };
		AA3111291A6782D4003384DC /* profile0.png */ = {isa = PBXFileReference; lastKnownFileType = image.png; path = profile0.png; sourceTree = "<group>"; };
		AA31112B1A6788D3003384DC /* plusButton.png */ = {isa = PBXFileReference; lastKnownFileType = image.png; path = plusButton.png; sourceTree = "<group>"; };
		AA31112D1A678AB2003384DC /* logo.png */ = {isa = PBXFileReference; lastKnownFileType = image.png; path = logo.png; sourceTree = "<group>"; };
		AA3111301A678C8D003384DC /* whiteLogo.png */ = {isa = PBXFileReference; lastKnownFileType = image.png; path = whiteLogo.png; sourceTree = "<group>"; };
		AA3111321A679315003384DC /* FRPrefix.pch */ = {isa = PBXFileReference; lastKnownFileType = sourcecode.c.h; name = FRPrefix.pch; path = /Users/Main/Documents/Fraze/Fraze/Fraze/FRPrefix.pch; sourceTree = "<absolute>"; };
		AA5176A81A68F23B00C0859D /* PPIconButton.h */ = {isa = PBXFileReference; fileEncoding = 4; lastKnownFileType = sourcecode.c.h; path = PPIconButton.h; sourceTree = "<group>"; };
		AA5176A91A68F23B00C0859D /* PPIconButton.m */ = {isa = PBXFileReference; fileEncoding = 4; lastKnownFileType = sourcecode.c.objc; path = PPIconButton.m; sourceTree = "<group>"; };
		AA5176AB1A68F35900C0859D /* dummyViewController.h */ = {isa = PBXFileReference; fileEncoding = 4; lastKnownFileType = sourcecode.c.h; path = dummyViewController.h; sourceTree = "<group>"; };
		AA5176AC1A68F35900C0859D /* dummyViewController.m */ = {isa = PBXFileReference; fileEncoding = 4; lastKnownFileType = sourcecode.c.objc; path = dummyViewController.m; sourceTree = "<group>"; };
		AA5176AE1A68F72D00C0859D /* crossIcon.png */ = {isa = PBXFileReference; lastKnownFileType = image.png; path = crossIcon.png; sourceTree = "<group>"; };
		AA5176AF1A68F72D00C0859D /* friendsIcon.png */ = {isa = PBXFileReference; lastKnownFileType = image.png; path = friendsIcon.png; sourceTree = "<group>"; };
		AA5176B01A68F72D00C0859D /* groupsIcon.png */ = {isa = PBXFileReference; lastKnownFileType = image.png; path = groupsIcon.png; sourceTree = "<group>"; };
		AA5176B11A68F72D00C0859D /* legalIcon.png */ = {isa = PBXFileReference; lastKnownFileType = image.png; path = legalIcon.png; sourceTree = "<group>"; };
		AA5176B21A68F72D00C0859D /* profile2.png */ = {isa = PBXFileReference; lastKnownFileType = image.png; path = profile2.png; sourceTree = "<group>"; };
		AA5176B31A68F72D00C0859D /* settingsIcon.png */ = {isa = PBXFileReference; lastKnownFileType = image.png; path = settingsIcon.png; sourceTree = "<group>"; };
		AA5176B41A68F72D00C0859D /* shareIcon.png */ = {isa = PBXFileReference; lastKnownFileType = image.png; path = shareIcon.png; sourceTree = "<group>"; };
		AA5176B51A68F72D00C0859D /* signOutIcon.png */ = {isa = PBXFileReference; lastKnownFileType = image.png; path = signOutIcon.png; sourceTree = "<group>"; };
		AA5176BF1A69137F00C0859D /* FRNotifViewController.h */ = {isa = PBXFileReference; fileEncoding = 4; lastKnownFileType = sourcecode.c.h; path = FRNotifViewController.h; sourceTree = "<group>"; };
		AA5176C01A69137F00C0859D /* FRNotifViewController.m */ = {isa = PBXFileReference; fileEncoding = 4; lastKnownFileType = sourcecode.c.objc; path = FRNotifViewController.m; sourceTree = "<group>"; };
		AA5176C21A6914FC00C0859D /* FRNotifRequestCell.h */ = {isa = PBXFileReference; fileEncoding = 4; lastKnownFileType = sourcecode.c.h; path = FRNotifRequestCell.h; sourceTree = "<group>"; };
		AA5176C31A6914FC00C0859D /* FRNotifRequestCell.m */ = {isa = PBXFileReference; fileEncoding = 4; lastKnownFileType = sourcecode.c.objc; path = FRNotifRequestCell.m; sourceTree = "<group>"; };
		AA5176C51A69150C00C0859D /* FRNotifCell.h */ = {isa = PBXFileReference; fileEncoding = 4; lastKnownFileType = sourcecode.c.h; path = FRNotifCell.h; sourceTree = "<group>"; };
		AA5176C61A69150C00C0859D /* FRNotifCell.m */ = {isa = PBXFileReference; fileEncoding = 4; lastKnownFileType = sourcecode.c.objc; path = FRNotifCell.m; sourceTree = "<group>"; };
		AA5176C81A691CAE00C0859D /* profile3.png */ = {isa = PBXFileReference; lastKnownFileType = image.png; path = profile3.png; sourceTree = "<group>"; };
		AA5176CA1A69277800C0859D /* FRNotifCell.xib */ = {isa = PBXFileReference; fileEncoding = 4; lastKnownFileType = file.xib; path = FRNotifCell.xib; sourceTree = "<group>"; };
		AAA8871E1A46C40100FEE428 /* Fraze.app */ = {isa = PBXFileReference; explicitFileType = wrapper.application; includeInIndex = 0; path = Fraze.app; sourceTree = BUILT_PRODUCTS_DIR; };
		AAA887221A46C40100FEE428 /* Info.plist */ = {isa = PBXFileReference; lastKnownFileType = text.plist.xml; path = Info.plist; sourceTree = "<group>"; };
		AAA887231A46C40100FEE428 /* main.m */ = {isa = PBXFileReference; lastKnownFileType = sourcecode.c.objc; path = main.m; sourceTree = "<group>"; };
		AAA887251A46C40100FEE428 /* AppDelegate.h */ = {isa = PBXFileReference; lastKnownFileType = sourcecode.c.h; path = AppDelegate.h; sourceTree = "<group>"; };
		AAA887261A46C40100FEE428 /* AppDelegate.m */ = {isa = PBXFileReference; lastKnownFileType = sourcecode.c.objc; path = AppDelegate.m; sourceTree = "<group>"; };
		AAA887291A46C40100FEE428 /* Fraze.xcdatamodel */ = {isa = PBXFileReference; lastKnownFileType = wrapper.xcdatamodel; path = Fraze.xcdatamodel; sourceTree = "<group>"; };
		AAA8872B1A46C40100FEE428 /* FRMainWallViewController.h */ = {isa = PBXFileReference; lastKnownFileType = sourcecode.c.h; path = FRMainWallViewController.h; sourceTree = "<group>"; };
		AAA8872C1A46C40100FEE428 /* FRMainWallViewController.m */ = {isa = PBXFileReference; lastKnownFileType = sourcecode.c.objc; path = FRMainWallViewController.m; sourceTree = "<group>"; };
		AAA8872F1A46C40100FEE428 /* Base */ = {isa = PBXFileReference; lastKnownFileType = file.storyboard; name = Base; path = Base.lproj/Main.storyboard; sourceTree = "<group>"; };
		AAA887311A46C40100FEE428 /* Images.xcassets */ = {isa = PBXFileReference; lastKnownFileType = folder.assetcatalog; path = Images.xcassets; sourceTree = "<group>"; };
		AAA887341A46C40100FEE428 /* Base */ = {isa = PBXFileReference; lastKnownFileType = file.xib; name = Base; path = Base.lproj/LaunchScreen.xib; sourceTree = "<group>"; };
		AAA8873A1A46C40100FEE428 /* FrazeTests.xctest */ = {isa = PBXFileReference; explicitFileType = wrapper.cfbundle; includeInIndex = 0; path = FrazeTests.xctest; sourceTree = BUILT_PRODUCTS_DIR; };
		AAA8873F1A46C40100FEE428 /* Info.plist */ = {isa = PBXFileReference; lastKnownFileType = text.plist.xml; path = Info.plist; sourceTree = "<group>"; };
		AAA887401A46C40100FEE428 /* FrazeTests.m */ = {isa = PBXFileReference; lastKnownFileType = sourcecode.c.objc; path = FrazeTests.m; sourceTree = "<group>"; };
/* End PBXFileReference section */

/* Begin PBXFrameworksBuildPhase section */
		AAA8871B1A46C40100FEE428 /* Frameworks */ = {
			isa = PBXFrameworksBuildPhase;
			buildActionMask = 2147483647;
			files = (
			);
			runOnlyForDeploymentPostprocessing = 0;
		};
		AAA887371A46C40100FEE428 /* Frameworks */ = {
			isa = PBXFrameworksBuildPhase;
			buildActionMask = 2147483647;
			files = (
			);
			runOnlyForDeploymentPostprocessing = 0;
		};
/* End PBXFrameworksBuildPhase section */

/* Begin PBXGroup section */
		AA31110A1A5E7051003384DC /* Images */ = {
			isa = PBXGroup;
			children = (
				AA5176BE1A68F73400C0859D /* profile */,
				AA5176C81A691CAE00C0859D /* profile3.png */,
				AA3111301A678C8D003384DC /* whiteLogo.png */,
				AA31112D1A678AB2003384DC /* logo.png */,
				AA31112F1A678ABB003384DC /* Main Wall */,
			);
			name = Images;
			sourceTree = "<group>";
		};
		AA31111B1A64F78E003384DC /* Convenience */ = {
			isa = PBXGroup;
			children = (
				AA31110E1A64F768003384DC /* UserInterfaceConstants.h */,
				AA31110F1A64F768003384DC /* JPGlobal.h */,
				AA3111101A64F768003384DC /* JPGlobal.m */,
				AA31111C1A64FBA8003384DC /* UIColor+RGBValues.h */,
				AA31111D1A64FBA8003384DC /* UIColor+RGBValues.m */,
				AA3111111A64F768003384DC /* NSObject+JPConvenience.h */,
				AA3111121A64F768003384DC /* NSObject+JPConvenience.m */,
				AA3111131A64F768003384DC /* JPStyle.h */,
				AA3111141A64F768003384DC /* JPStyle.m */,
				AA3111151A64F768003384DC /* JPFont.h */,
				AA3111161A64F768003384DC /* JPFont.m */,
			);
			name = Convenience;
			sourceTree = "<group>";
		};
		AA31112F1A678ABB003384DC /* Main Wall */ = {
			isa = PBXGroup;
			children = (
				AA31112B1A6788D3003384DC /* plusButton.png */,
				AA31111F1A677CF5003384DC /* img1.png */,
				AA3111081A5E704C003384DC /* img2.png */,
				AA3111231A678295003384DC /* blackThumb.png */,
				AA3111241A678295003384DC /* blueThumb.png */,
				AA3111251A678295003384DC /* navyThumb.png */,
				AA31110B1A64E62E003384DC /* profile1.png */,
				AA3111291A6782D4003384DC /* profile0.png */,
			);
			name = "Main Wall";
			sourceTree = "<group>";
		};
		AA5176BE1A68F73400C0859D /* profile */ = {
			isa = PBXGroup;
			children = (
				AA5176AE1A68F72D00C0859D /* crossIcon.png */,
				AA5176AF1A68F72D00C0859D /* friendsIcon.png */,
				AA5176B01A68F72D00C0859D /* groupsIcon.png */,
				AA5176B11A68F72D00C0859D /* legalIcon.png */,
				AA5176B21A68F72D00C0859D /* profile2.png */,
				AA5176B31A68F72D00C0859D /* settingsIcon.png */,
				AA5176B41A68F72D00C0859D /* shareIcon.png */,
				AA5176B51A68F72D00C0859D /* signOutIcon.png */,
			);
			name = profile;
			sourceTree = "<group>";
		};
		AAA887151A46C40100FEE428 = {
			isa = PBXGroup;
			children = (
				AAA887201A46C40100FEE428 /* Fraze */,
				AAA8873D1A46C40100FEE428 /* FrazeTests */,
				AAA8871F1A46C40100FEE428 /* Products */,
			);
			sourceTree = "<group>";
		};
		AAA8871F1A46C40100FEE428 /* Products */ = {
			isa = PBXGroup;
			children = (
				AAA8871E1A46C40100FEE428 /* Fraze.app */,
				AAA8873A1A46C40100FEE428 /* FrazeTests.xctest */,
			);
			name = Products;
			sourceTree = "<group>";
		};
		AAA887201A46C40100FEE428 /* Fraze */ = {
			isa = PBXGroup;
			children = (
				AAA887251A46C40100FEE428 /* AppDelegate.h */,
				AAA887261A46C40100FEE428 /* AppDelegate.m */,
				AA31110D1A64F74A003384DC /* ApplicationConstants.h */,
				AA31111B1A64F78E003384DC /* Convenience */,
				AAA8872B1A46C40100FEE428 /* FRMainWallViewController.h */,
				AAA8872C1A46C40100FEE428 /* FRMainWallViewController.m */,
				AA3111051A5E6A10003384DC /* FRMainWallDashlet.h */,
				AA3111061A5E6A10003384DC /* FRMainWallDashlet.m */,
				AA5176A81A68F23B00C0859D /* PPIconButton.h */,
				AA5176A91A68F23B00C0859D /* PPIconButton.m */,
				AAA8872E1A46C40100FEE428 /* Main.storyboard */,
				AA5176BF1A69137F00C0859D /* FRNotifViewController.h */,
				AA5176C01A69137F00C0859D /* FRNotifViewController.m */,
				AA5176C21A6914FC00C0859D /* FRNotifRequestCell.h */,
				AA5176C31A6914FC00C0859D /* FRNotifRequestCell.m */,
				AA5176CA1A69277800C0859D /* FRNotifCell.xib */,
				AA5176C51A69150C00C0859D /* FRNotifCell.h */,
				AA5176C61A69150C00C0859D /* FRNotifCell.m */,
				AA5176AB1A68F35900C0859D /* dummyViewController.h */,
				AA5176AC1A68F35900C0859D /* dummyViewController.m */,
				AAA887311A46C40100FEE428 /* Images.xcassets */,
				AAA887331A46C40100FEE428 /* LaunchScreen.xib */,
				AAA887281A46C40100FEE428 /* Fraze.xcdatamodeld */,
				AA31110A1A5E7051003384DC /* Images */,
				AAA887211A46C40100FEE428 /* Supporting Files */,
			);
			path = Fraze;
			sourceTree = "<group>";
		};
		AAA887211A46C40100FEE428 /* Supporting Files */ = {
			isa = PBXGroup;
			children = (
				AA3111321A679315003384DC /* FRPrefix.pch */,
				AAA887221A46C40100FEE428 /* Info.plist */,
				AAA887231A46C40100FEE428 /* main.m */,
			);
			name = "Supporting Files";
			sourceTree = "<group>";
		};
		AAA8873D1A46C40100FEE428 /* FrazeTests */ = {
			isa = PBXGroup;
			children = (
				AAA887401A46C40100FEE428 /* FrazeTests.m */,
				AAA8873E1A46C40100FEE428 /* Supporting Files */,
			);
			path = FrazeTests;
			sourceTree = "<group>";
		};
		AAA8873E1A46C40100FEE428 /* Supporting Files */ = {
			isa = PBXGroup;
			children = (
				AAA8873F1A46C40100FEE428 /* Info.plist */,
			);
			name = "Supporting Files";
			sourceTree = "<group>";
		};
/* End PBXGroup section */

/* Begin PBXNativeTarget section */
		AAA8871D1A46C40100FEE428 /* Fraze */ = {
			isa = PBXNativeTarget;
			buildConfigurationList = AAA887441A46C40100FEE428 /* Build configuration list for PBXNativeTarget "Fraze" */;
			buildPhases = (
				AAA8871A1A46C40100FEE428 /* Sources */,
				AAA8871B1A46C40100FEE428 /* Frameworks */,
				AAA8871C1A46C40100FEE428 /* Resources */,
			);
			buildRules = (
			);
			dependencies = (
			);
			name = Fraze;
			productName = Fraze;
			productReference = AAA8871E1A46C40100FEE428 /* Fraze.app */;
			productType = "com.apple.product-type.application";
		};
		AAA887391A46C40100FEE428 /* FrazeTests */ = {
			isa = PBXNativeTarget;
			buildConfigurationList = AAA887471A46C40100FEE428 /* Build configuration list for PBXNativeTarget "FrazeTests" */;
			buildPhases = (
				AAA887361A46C40100FEE428 /* Sources */,
				AAA887371A46C40100FEE428 /* Frameworks */,
				AAA887381A46C40100FEE428 /* Resources */,
			);
			buildRules = (
			);
			dependencies = (
				AAA8873C1A46C40100FEE428 /* PBXTargetDependency */,
			);
			name = FrazeTests;
			productName = FrazeTests;
			productReference = AAA8873A1A46C40100FEE428 /* FrazeTests.xctest */;
			productType = "com.apple.product-type.bundle.unit-test";
		};
/* End PBXNativeTarget section */

/* Begin PBXProject section */
		AAA887161A46C40100FEE428 /* Project object */ = {
			isa = PBXProject;
			attributes = {
				LastUpgradeCheck = 0610;
				ORGANIZATIONNAME = "Si Te Feng";
				TargetAttributes = {
					AAA8871D1A46C40100FEE428 = {
						CreatedOnToolsVersion = 6.1.1;
						DevelopmentTeam = 52GHE2Q332;
					};
					AAA887391A46C40100FEE428 = {
						CreatedOnToolsVersion = 6.1.1;
						TestTargetID = AAA8871D1A46C40100FEE428;
					};
				};
			};
			buildConfigurationList = AAA887191A46C40100FEE428 /* Build configuration list for PBXProject "Fraze" */;
			compatibilityVersion = "Xcode 3.2";
			developmentRegion = English;
			hasScannedForEncodings = 0;
			knownRegions = (
				en,
				Base,
			);
			mainGroup = AAA887151A46C40100FEE428;
			productRefGroup = AAA8871F1A46C40100FEE428 /* Products */;
			projectDirPath = "";
			projectRoot = "";
			targets = (
				AAA8871D1A46C40100FEE428 /* Fraze */,
				AAA887391A46C40100FEE428 /* FrazeTests */,
			);
		};
/* End PBXProject section */

/* Begin PBXResourcesBuildPhase section */
		AAA8871C1A46C40100FEE428 /* Resources */ = {
			isa = PBXResourcesBuildPhase;
			buildActionMask = 2147483647;
			files = (
				AA3111311A678C8D003384DC /* whiteLogo.png in Resources */,
				AA5176B61A68F72D00C0859D /* crossIcon.png in Resources */,
				AA3111281A678295003384DC /* navyThumb.png in Resources */,
				AAA887301A46C40100FEE428 /* Main.storyboard in Resources */,
				AA3111091A5E704C003384DC /* img2.png in Resources */,
				AAA887351A46C40100FEE428 /* LaunchScreen.xib in Resources */,
				AA31110C1A64E62E003384DC /* profile1.png in Resources */,
				AA5176B91A68F72D00C0859D /* legalIcon.png in Resources */,
				AA5176BC1A68F72D00C0859D /* shareIcon.png in Resources */,
				AA3111271A678295003384DC /* blueThumb.png in Resources */,
				AAA887321A46C40100FEE428 /* Images.xcassets in Resources */,
				AA3111261A678295003384DC /* blackThumb.png in Resources */,
				AA5176BD1A68F72D00C0859D /* signOutIcon.png in Resources */,
				AA5176B81A68F72D00C0859D /* groupsIcon.png in Resources */,
				AA5176BA1A68F72D00C0859D /* profile2.png in Resources */,
				AA31112E1A678AB2003384DC /* logo.png in Resources */,
				AA31112A1A6782D4003384DC /* profile0.png in Resources */,
				AA5176CB1A69277800C0859D /* FRNotifCell.xib in Resources */,
				AA3111201A677CF5003384DC /* img1.png in Resources */,
				AA5176B71A68F72D00C0859D /* friendsIcon.png in Resources */,
				AA31112C1A6788D3003384DC /* plusButton.png in Resources */,
				AA5176BB1A68F72D00C0859D /* settingsIcon.png in Resources */,
				AA5176C91A691CAE00C0859D /* profile3.png in Resources */,
			);
			runOnlyForDeploymentPostprocessing = 0;
		};
		AAA887381A46C40100FEE428 /* Resources */ = {
			isa = PBXResourcesBuildPhase;
			buildActionMask = 2147483647;
			files = (
			);
			runOnlyForDeploymentPostprocessing = 0;
		};
/* End PBXResourcesBuildPhase section */

/* Begin PBXSourcesBuildPhase section */
		AAA8871A1A46C40100FEE428 /* Sources */ = {
			isa = PBXSourcesBuildPhase;
			buildActionMask = 2147483647;
			files = (
				AAA887271A46C40100FEE428 /* AppDelegate.m in Sources */,
				AA5176AA1A68F23B00C0859D /* PPIconButton.m in Sources */,
				AA3111071A5E6A10003384DC /* FRMainWallDashlet.m in Sources */,
				AAA887241A46C40100FEE428 /* main.m in Sources */,
				AA5176C71A69150C00C0859D /* FRNotifCell.m in Sources */,
				AA5176C11A69137F00C0859D /* FRNotifViewController.m in Sources */,
				AAA8872D1A46C40100FEE428 /* FRMainWallViewController.m in Sources */,
				AA3111171A64F768003384DC /* JPGlobal.m in Sources */,
				AA31111E1A64FBA8003384DC /* UIColor+RGBValues.m in Sources */,
				AA5176AD1A68F35900C0859D /* dummyViewController.m in Sources */,
				AA31111A1A64F768003384DC /* JPFont.m in Sources */,
				AA5176C41A6914FC00C0859D /* FRNotifRequestCell.m in Sources */,
				AA3111181A64F768003384DC /* NSObject+JPConvenience.m in Sources */,
				AAA8872A1A46C40100FEE428 /* Fraze.xcdatamodeld in Sources */,
				AA3111191A64F768003384DC /* JPStyle.m in Sources */,
			);
			runOnlyForDeploymentPostprocessing = 0;
		};
		AAA887361A46C40100FEE428 /* Sources */ = {
			isa = PBXSourcesBuildPhase;
			buildActionMask = 2147483647;
			files = (
				AAA887411A46C40100FEE428 /* FrazeTests.m in Sources */,
			);
			runOnlyForDeploymentPostprocessing = 0;
		};
/* End PBXSourcesBuildPhase section */

/* Begin PBXTargetDependency section */
		AAA8873C1A46C40100FEE428 /* PBXTargetDependency */ = {
			isa = PBXTargetDependency;
			target = AAA8871D1A46C40100FEE428 /* Fraze */;
			targetProxy = AAA8873B1A46C40100FEE428 /* PBXContainerItemProxy */;
		};
/* End PBXTargetDependency section */

/* Begin PBXVariantGroup section */
		AAA8872E1A46C40100FEE428 /* Main.storyboard */ = {
			isa = PBXVariantGroup;
			children = (
				AAA8872F1A46C40100FEE428 /* Base */,
			);
			name = Main.storyboard;
			sourceTree = "<group>";
		};
		AAA887331A46C40100FEE428 /* LaunchScreen.xib */ = {
			isa = PBXVariantGroup;
			children = (
				AAA887341A46C40100FEE428 /* Base */,
			);
			name = LaunchScreen.xib;
			sourceTree = "<group>";
		};
/* End PBXVariantGroup section */

/* Begin XCBuildConfiguration section */
		AAA887421A46C40100FEE428 /* Debug */ = {
			isa = XCBuildConfiguration;
			buildSettings = {
				ALWAYS_SEARCH_USER_PATHS = NO;
				CLANG_CXX_LANGUAGE_STANDARD = "gnu++0x";
				CLANG_CXX_LIBRARY = "libc++";
				CLANG_ENABLE_MODULES = YES;
				CLANG_ENABLE_OBJC_ARC = YES;
				CLANG_WARN_BOOL_CONVERSION = YES;
				CLANG_WARN_CONSTANT_CONVERSION = YES;
				CLANG_WARN_DIRECT_OBJC_ISA_USAGE = YES_ERROR;
				CLANG_WARN_EMPTY_BODY = YES;
				CLANG_WARN_ENUM_CONVERSION = YES;
				CLANG_WARN_INT_CONVERSION = YES;
				CLANG_WARN_OBJC_ROOT_CLASS = YES_ERROR;
				CLANG_WARN_UNREACHABLE_CODE = YES;
				CLANG_WARN__DUPLICATE_METHOD_MATCH = YES;
				"CODE_SIGN_IDENTITY[sdk=iphoneos*]" = "iPhone Developer";
				COPY_PHASE_STRIP = NO;
				ENABLE_STRICT_OBJC_MSGSEND = YES;
				GCC_C_LANGUAGE_STANDARD = gnu99;
				GCC_DYNAMIC_NO_PIC = NO;
				GCC_OPTIMIZATION_LEVEL = 0;
				GCC_PREPROCESSOR_DEFINITIONS = (
					"DEBUG=1",
					"$(inherited)",
				);
				GCC_SYMBOLS_PRIVATE_EXTERN = NO;
				GCC_WARN_64_TO_32_BIT_CONVERSION = YES;
				GCC_WARN_ABOUT_RETURN_TYPE = YES_ERROR;
				GCC_WARN_UNDECLARED_SELECTOR = YES;
				GCC_WARN_UNINITIALIZED_AUTOS = YES_AGGRESSIVE;
				GCC_WARN_UNUSED_FUNCTION = YES;
				GCC_WARN_UNUSED_VARIABLE = YES;
				IPHONEOS_DEPLOYMENT_TARGET = 8.1;
				MTL_ENABLE_DEBUG_INFO = YES;
				ONLY_ACTIVE_ARCH = YES;
				SDKROOT = iphoneos;
			};
			name = Debug;
		};
		AAA887431A46C40100FEE428 /* Release */ = {
			isa = XCBuildConfiguration;
			buildSettings = {
				ALWAYS_SEARCH_USER_PATHS = NO;
				CLANG_CXX_LANGUAGE_STANDARD = "gnu++0x";
				CLANG_CXX_LIBRARY = "libc++";
				CLANG_ENABLE_MODULES = YES;
				CLANG_ENABLE_OBJC_ARC = YES;
				CLANG_WARN_BOOL_CONVERSION = YES;
				CLANG_WARN_CONSTANT_CONVERSION = YES;
				CLANG_WARN_DIRECT_OBJC_ISA_USAGE = YES_ERROR;
				CLANG_WARN_EMPTY_BODY = YES;
				CLANG_WARN_ENUM_CONVERSION = YES;
				CLANG_WARN_INT_CONVERSION = YES;
				CLANG_WARN_OBJC_ROOT_CLASS = YES_ERROR;
				CLANG_WARN_UNREACHABLE_CODE = YES;
				CLANG_WARN__DUPLICATE_METHOD_MATCH = YES;
				"CODE_SIGN_IDENTITY[sdk=iphoneos*]" = "iPhone Developer";
				COPY_PHASE_STRIP = YES;
				ENABLE_NS_ASSERTIONS = NO;
				ENABLE_STRICT_OBJC_MSGSEND = YES;
				GCC_C_LANGUAGE_STANDARD = gnu99;
				GCC_WARN_64_TO_32_BIT_CONVERSION = YES;
				GCC_WARN_ABOUT_RETURN_TYPE = YES_ERROR;
				GCC_WARN_UNDECLARED_SELECTOR = YES;
				GCC_WARN_UNINITIALIZED_AUTOS = YES_AGGRESSIVE;
				GCC_WARN_UNUSED_FUNCTION = YES;
				GCC_WARN_UNUSED_VARIABLE = YES;
				IPHONEOS_DEPLOYMENT_TARGET = 8.1;
				MTL_ENABLE_DEBUG_INFO = NO;
				SDKROOT = iphoneos;
				VALIDATE_PRODUCT = YES;
			};
			name = Release;
		};
		AAA887451A46C40100FEE428 /* Debug */ = {
			isa = XCBuildConfiguration;
			buildSettings = {
				ASSETCATALOG_COMPILER_APPICON_NAME = AppIcon;
				CODE_SIGN_IDENTITY = "iPhone Developer";
				"CODE_SIGN_IDENTITY[sdk=iphoneos*]" = "iPhone Developer";
				GCC_PRECOMPILE_PREFIX_HEADER = YES;
				GCC_PREFIX_HEADER = "$(SRCROOT)/Fraze/FRPrefix.pch";
				INFOPLIST_FILE = Fraze/Info.plist;
				LD_RUNPATH_SEARCH_PATHS = "$(inherited) @executable_path/Frameworks";
				PRODUCT_NAME = "$(TARGET_NAME)";
				PROVISIONING_PROFILE = "";
			};
			name = Debug;
		};
		AAA887461A46C40100FEE428 /* Release */ = {
			isa = XCBuildConfiguration;
			buildSettings = {
				ASSETCATALOG_COMPILER_APPICON_NAME = AppIcon;
				CODE_SIGN_IDENTITY = "iPhone Developer";
				"CODE_SIGN_IDENTITY[sdk=iphoneos*]" = "iPhone Developer";
				GCC_PRECOMPILE_PREFIX_HEADER = YES;
				GCC_PREFIX_HEADER = "$(SRCROOT)/Fraze/FRPrefix.pch";
				INFOPLIST_FILE = Fraze/Info.plist;
				LD_RUNPATH_SEARCH_PATHS = "$(inherited) @executable_path/Frameworks";
				PRODUCT_NAME = "$(TARGET_NAME)";
				PROVISIONING_PROFILE = "";
			};
			name = Release;
		};
		AAA887481A46C40100FEE428 /* Debug */ = {
			isa = XCBuildConfiguration;
			buildSettings = {
				BUNDLE_LOADER = "$(TEST_HOST)";
				FRAMEWORK_SEARCH_PATHS = (
					"$(SDKROOT)/Developer/Library/Frameworks",
					"$(inherited)",
				);
				GCC_PREPROCESSOR_DEFINITIONS = (
					"DEBUG=1",
					"$(inherited)",
				);
				INFOPLIST_FILE = FrazeTests/Info.plist;
				LD_RUNPATH_SEARCH_PATHS = "$(inherited) @executable_path/Frameworks @loader_path/Frameworks";
				PRODUCT_NAME = "$(TARGET_NAME)";
				TEST_HOST = "$(BUILT_PRODUCTS_DIR)/Fraze.app/Fraze";
			};
			name = Debug;
		};
		AAA887491A46C40100FEE428 /* Release */ = {
			isa = XCBuildConfiguration;
			buildSettings = {
				BUNDLE_LOADER = "$(TEST_HOST)";
				FRAMEWORK_SEARCH_PATHS = (
					"$(SDKROOT)/Developer/Library/Frameworks",
					"$(inherited)",
				);
				INFOPLIST_FILE = FrazeTests/Info.plist;
				LD_RUNPATH_SEARCH_PATHS = "$(inherited) @executable_path/Frameworks @loader_path/Frameworks";
				PRODUCT_NAME = "$(TARGET_NAME)";
				TEST_HOST = "$(BUILT_PRODUCTS_DIR)/Fraze.app/Fraze";
			};
			name = Release;
		};
/* End XCBuildConfiguration section */

/* Begin XCConfigurationList section */
		AAA887191A46C40100FEE428 /* Build configuration list for PBXProject "Fraze" */ = {
			isa = XCConfigurationList;
			buildConfigurations = (
				AAA887421A46C40100FEE428 /* Debug */,
				AAA887431A46C40100FEE428 /* Release */,
			);
			defaultConfigurationIsVisible = 0;
			defaultConfigurationName = Release;
		};
		AAA887441A46C40100FEE428 /* Build configuration list for PBXNativeTarget "Fraze" */ = {
			isa = XCConfigurationList;
			buildConfigurations = (
				AAA887451A46C40100FEE428 /* Debug */,
				AAA887461A46C40100FEE428 /* Release */,
			);
			defaultConfigurationIsVisible = 0;
			defaultConfigurationName = Release;
		};
		AAA887471A46C40100FEE428 /* Build configuration list for PBXNativeTarget "FrazeTests" */ = {
			isa = XCConfigurationList;
			buildConfigurations = (
				AAA887481A46C40100FEE428 /* Debug */,
				AAA887491A46C40100FEE428 /* Release */,
			);
			defaultConfigurationIsVisible = 0;
			defaultConfigurationName = Release;
		};
/* End XCConfigurationList section */

/* Begin XCVersionGroup section */
		AAA887281A46C40100FEE428 /* Fraze.xcdatamodeld */ = {
			isa = XCVersionGroup;
			children = (
				AAA887291A46C40100FEE428 /* Fraze.xcdatamodel */,
			);
			currentVersion = AAA887291A46C40100FEE428 /* Fraze.xcdatamodel */;
			path = Fraze.xcdatamodeld;
			sourceTree = "<group>";
			versionGroupType = wrapper.xcdatamodel;
		};
/* End XCVersionGroup section */
	};
	rootObject = AAA887161A46C40100FEE428 /* Project object */;
}
